
Microsoft Visual Studio Solution File, Format Version 12.00
# Visual Studio 2013
VisualStudioVersion = 12.0.30324.0
MinimumVisualStudioVersion = 10.0.40219.1
Project("{FAE04EC0-301F-11D3-BF4B-00C04F79EFBC}") = "WoW.Web", "WoW.Web\WoW.Web.csproj", "{0C8B0E43-353A-4E56-BB1D-1121DB273FAB}"
EndProject
Project("{FAE04EC0-301F-11D3-BF4B-00C04F79EFBC}") = "WoW.Tests", "WoW.Tests\WoW.Tests.csproj", "{1BF4A2D2-225A-472E-AB20-4343606C2B64}"
EndProject
Project("{FAE04EC0-301F-11D3-BF4B-00C04F79EFBC}") = "BattleNetApi", "BattleNetApi\BattleNetApi.csproj", "{8EF9A7FC-8840-4DAB-8F09-F5C5462CF6E9}"
EndProject
Project("{FAE04EC0-301F-11D3-BF4B-00C04F79EFBC}") = "WoW.Core", "WoW.Core\WoW.Core.csproj", "{A117602C-8608-480A-ADD7-FA1F795AA35D}"
EndProject
Global
	GlobalSection(SolutionConfigurationPlatforms) = preSolution
		Debug|Any CPU = Debug|Any CPU
		Release|Any CPU = Release|Any CPU
	EndGlobalSection
	GlobalSection(ProjectConfigurationPlatforms) = postSolution
		{0C8B0E43-353A-4E56-BB1D-1121DB273FAB}.Debug|Any CPU.ActiveCfg = Debug|Any CPU
		{0C8B0E43-353A-4E56-BB1D-1121DB273FAB}.Debug|Any CPU.Build.0 = Debug|Any CPU
		{0C8B0E43-353A-4E56-BB1D-1121DB273FAB}.Release|Any CPU.ActiveCfg = Release|Any CPU
		{0C8B0E43-353A-4E56-BB1D-1121DB273FAB}.Release|Any CPU.Build.0 = Release|Any CPU
		{1BF4A2D2-225A-472E-AB20-4343606C2B64}.Debug|Any CPU.ActiveCfg = Debug|Any CPU
		{1BF4A2D2-225A-472E-AB20-4343606C2B64}.Debug|Any CPU.Build.0 = Debug|Any CPU
		{1BF4A2D2-225A-472E-AB20-4343606C2B64}.Release|Any CPU.ActiveCfg = Release|Any CPU
		{1BF4A2D2-225A-472E-AB20-4343606C2B64}.Release|Any CPU.Build.0 = Release|Any CPU
		{1BF4A2D2-225A-472E-AB20-4343606C2B64}.Release|Any CPU.Deploy.0 = Release|Any CPU
		{8EF9A7FC-8840-4DAB-8F09-F5C5462CF6E9}.Debug|Any CPU.ActiveCfg = Debug|Any CPU
		{8EF9A7FC-8840-4DAB-8F09-F5C5462CF6E9}.Debug|Any CPU.Build.0 = Debug|Any CPU
		{8EF9A7FC-8840-4DAB-8F09-F5C5462CF6E9}.Release|Any CPU.ActiveCfg = Release|Any CPU
		{8EF9A7FC-8840-4DAB-8F09-F5C5462CF6E9}.Release|Any CPU.Build.0 = Release|Any CPU
		{A117602C-8608-480A-ADD7-FA1F795AA35D}.Debug|Any CPU.ActiveCfg = Debug|Any CPU
		{A117602C-8608-480A-ADD7-FA1F795AA35D}.Debug|Any CPU.Build.0 = Debug|Any CPU
		{A117602C-8608-480A-ADD7-FA1F795AA35D}.Release|Any CPU.ActiveCfg = Release|Any CPU
		{A117602C-8608-480A-ADD7-FA1F795AA35D}.Release|Any CPU.Build.0 = Release|Any CPU
	EndGlobalSection
	GlobalSection(SolutionProperties) = preSolution
		HideSolutionNode = FALSE
	EndGlobalSection
EndGlobal
